
Microsoft Visual Studio Solution File, Format Version 12.00
# Visual Studio 15
VisualStudioVersion = 15.0.27130.2027
MinimumVisualStudioVersion = 10.0.40219.1
Project("{FAE04EC0-301F-11D3-BF4B-00C04F79EFBC}") = "BillsProvidersServices", "BillsProvidersServices\BillsProvidersServices.csproj", "{DAB2969F-7575-4ECF-B514-F70BF326575E}"
EndProject
Project("{E53339B2-1760-4266-BCC7-CA923CBCF16C}") = "docker-compose", "docker-compose.dcproj", "{8B0D7C0C-2B74-4C97-B968-BE14883DBCB9}"
EndProject
Global
	GlobalSection(SolutionConfigurationPlatforms) = preSolution
		Debug|Any CPU = Debug|Any CPU
		Release|Any CPU = Release|Any CPU
	EndGlobalSection
	GlobalSection(ProjectConfigurationPlatforms) = postSolution
		{DAB2969F-7575-4ECF-B514-F70BF326575E}.Debug|Any CPU.ActiveCfg = Debug|Any CPU
		{DAB2969F-7575-4ECF-B514-F70BF326575E}.Debug|Any CPU.Build.0 = Debug|Any CPU
		{DAB2969F-7575-4ECF-B514-F70BF326575E}.Release|Any CPU.ActiveCfg = Release|Any CPU
		{DAB2969F-7575-4ECF-B514-F70BF326575E}.Release|Any CPU.Build.0 = Release|Any CPU
		{8B0D7C0C-2B74-4C97-B968-BE14883DBCB9}.Debug|Any CPU.ActiveCfg = Debug|Any CPU
		{8B0D7C0C-2B74-4C97-B968-BE14883DBCB9}.Debug|Any CPU.Build.0 = Debug|Any CPU
		{8B0D7C0C-2B74-4C97-B968-BE14883DBCB9}.Release|Any CPU.ActiveCfg = Release|Any CPU
		{8B0D7C0C-2B74-4C97-B968-BE14883DBCB9}.Release|Any CPU.Build.0 = Release|Any CPU
	EndGlobalSection
	GlobalSection(SolutionProperties) = preSolution
		HideSolutionNode = FALSE
	EndGlobalSection
	GlobalSection(ExtensibilityGlobals) = postSolution
		SolutionGuid = {ACBB6E76-CF48-45FE-82B2-03E19590D10E}
	EndGlobalSection
EndGlobal
